
Microsoft Visual Studio Solution File, Format Version 12.00
# Visual Studio Version 16
VisualStudioVersion = 16.0.30709.132
MinimumVisualStudioVersion = 10.0.40219.1
Project("{FAE04EC0-301F-11D3-BF4B-00C04F79EFBC}") = "ClientSideApplication", "ClientSideApplication.csproj", "{89C95A4A-4041-4994-953C-1F14775C97CD}"
EndProject
Global
	GlobalSection(SolutionConfigurationPlatforms) = preSolution
		Debug|Any CPU = Debug|Any CPU
		Release|Any CPU = Release|Any CPU
	EndGlobalSection
	GlobalSection(ProjectConfigurationPlatforms) = postSolution
		{89C95A4A-4041-4994-953C-1F14775C97CD}.Debug|Any CPU.ActiveCfg = Debug|Any CPU
		{89C95A4A-4041-4994-953C-1F14775C97CD}.Debug|Any CPU.Build.0 = Debug|Any CPU
		{89C95A4A-4041-4994-953C-1F14775C97CD}.Release|Any CPU.ActiveCfg = Release|Any CPU
		{89C95A4A-4041-4994-953C-1F14775C97CD}.Release|Any CPU.Build.0 = Release|Any CPU
	EndGlobalSection
	GlobalSection(SolutionProperties) = preSolution
		HideSolutionNode = FALSE
	EndGlobalSection
	GlobalSection(ExtensibilityGlobals) = postSolution
		SolutionGuid = {E0BB0DB8-0DA0-40EF-B52A-32AAE58E62C7}
	EndGlobalSection
EndGlobal
